{
  "name": "storybook-addon-angularjs",
  "version": "1.0.0",
  "lockfileVersion": 3,
  "requires": true,
  "packages": {
    "": {
      "name": "storybook-addon-angularjs",
      "version": "1.0.0",
      "license": "MIT",
      "peerDependencies": {
        "@storybook/addons": "7.x",
        "angular": "1.x"
      }
    },
    "node_modules/@babel/helper-string-parser": {
      "version": "7.27.1",
      "resolved": "https://boostinc-dev-595687988867.d.codeartifact.eu-west-1.amazonaws.com/npm/boostinc-dev/@babel/helper-string-parser/-/helper-string-parser-7.27.1.tgz",
      "integrity": "sha512-qMlSxKbpRlAridDExk92nSobyDdpPijUq2DW6oDnUqd0iOGxmQjyqhMIihI9+zv4LPyZdRje2cavWPbCbWm3eA==",
      "license": "MIT",
      "peer": true,
      "engines": {
        "node": ">=6.9.0"
      }
    },
    "node_modules/@babel/helper-validator-identifier": {
      "version": "7.28.5",
      "resolved": "https://boostinc-dev-595687988867.d.codeartifact.eu-west-1.amazonaws.com/npm/boostinc-dev/@babel/helper-validator-identifier/-/helper-validator-identifier-7.28.5.tgz",
      "integrity": "sha512-qSs4ifwzKJSV39ucNjsvc6WVHs6b7S03sOh2OcHF9UHfVPqWWALUsNUVzhSBiItjRZoLHx7nIarVjqKVusUZ1Q==",
      "license": "MIT",
      "peer": true,
      "engines": {
        "node": ">=6.9.0"
      }
    },
    "node_modules/@babel/parser": {
      "version": "7.28.5",
      "resolved": "https://boostinc-dev-595687988867.d.codeartifact.eu-west-1.amazonaws.com/npm/boostinc-dev/@babel/parser/-/parser-7.28.5.tgz",
      "integrity": "sha512-KKBU1VGYR7ORr3At5HAtUQ+TV3SzRCXmA/8OdDZiLDBIZxVyzXuztPjfLd3BV1PRAQGCMWWSHYhL0F8d5uHBDQ==",
      "license": "MIT",
      "peer": true,
      "dependencies": {
        "@babel/types": "^7.28.5"
      },
      "bin": {
        "parser": "bin/babel-parser.js"
      },
      "engines": {
        "node": ">=6.0.0"
      }
    },
    "node_modules/@babel/types": {
      "version": "7.28.5",
      "resolved": "https://boostinc-dev-595687988867.d.codeartifact.eu-west-1.amazonaws.com/npm/boostinc-dev/@babel/types/-/types-7.28.5.tgz",
      "integrity": "sha512-qQ5m48eI/MFLQ5PxQj4PFaprjyCTLI37ElWMmNs0K8Lk3dVeOdNpB3ks8jc7yM5CDmVC73eMVk/trk3fgmrUpA==",
      "license": "MIT",
      "peer": true,
      "dependencies": {
        "@babel/helper-string-parser": "^7.27.1",
        "@babel/helper-validator-identifier": "^7.28.5"
      },
      "engines": {
        "node": ">=6.9.0"
      }
    },
    "node_modules/@emotion/use-insertion-effect-with-fallbacks": {
      "version": "1.2.0",
      "resolved": "https://boostinc-dev-595687988867.d.codeartifact.eu-west-1.amazonaws.com/npm/boostinc-dev/@emotion/use-insertion-effect-with-fallbacks/-/use-insertion-effect-with-fallbacks-1.2.0.tgz",
      "integrity": "sha512-yJMtVdH59sxi/aVJBpk9FQq+OR8ll5GT8oWd57UpeaKEVGab41JWaCFA7FRLoMLloOZF/c/wsPoe+bfGmRKgDg==",
      "license": "MIT",
      "peer": true,
      "peerDependencies": {
        "react": ">=16.8.0"
      }
    },
    "node_modules/@storybook/addons": {
      "version": "7.6.17",
      "resolved": "https://boostinc-dev-595687988867.d.codeartifact.eu-west-1.amazonaws.com/npm/boostinc-dev/@storybook/addons/-/addons-7.6.17.tgz",
      "integrity": "sha512-Ok18Y698Ccyg++MoUNJNHY0cXUvo8ETFIRLJk1g9ElJ70j6kPgNnzW2pAtZkBNmswHtofZ7pT156cj96k/LgfA==",
      "license": "MIT",
      "peer": true,
      "dependencies": {
        "@storybook/manager-api": "7.6.17",
        "@storybook/preview-api": "7.6.17",
        "@storybook/types": "7.6.17"
      },
      "funding": {
        "type": "opencollective",
        "url": "https://opencollective.com/storybook"
      }
    },
    "node_modules/@storybook/channels": {
      "version": "7.6.17",
      "resolved": "https://boostinc-dev-595687988867.d.codeartifact.eu-west-1.amazonaws.com/npm/boostinc-dev/@storybook/channels/-/channels-7.6.17.tgz",
      "integrity": "sha512-GFG40pzaSxk1hUr/J/TMqW5AFDDPUSu+HkeE/oqSWJbOodBOLJzHN6CReJS6y1DjYSZLNFt1jftPWZZInG/XUA==",
      "license": "MIT",
      "peer": true,
      "dependencies": {
        "@storybook/client-logger": "7.6.17",
        "@storybook/core-events": "7.6.17",
        "@storybook/global": "^5.0.0",
        "qs": "^6.10.0",
        "telejson": "^7.2.0",
        "tiny-invariant": "^1.3.1"
      },
      "funding": {
        "type": "opencollective",
        "url": "https://opencollective.com/storybook"
      }
    },
    "node_modules/@storybook/client-logger": {
      "version": "7.6.17",
      "resolved": "https://boostinc-dev-595687988867.d.codeartifact.eu-west-1.amazonaws.com/npm/boostinc-dev/@storybook/client-logger/-/client-logger-7.6.17.tgz",
      "integrity": "sha512-6WBYqixAXNAXlSaBWwgljWpAu10tPRBJrcFvx2gPUne58EeMM20Gi/iHYBz2kMCY+JLAgeIH7ZxInqwO8vDwiQ==",
      "license": "MIT",
      "peer": true,
      "dependencies": {
        "@storybook/global": "^5.0.0"
      },
      "funding": {
        "type": "opencollective",
        "url": "https://opencollective.com/storybook"
      }
    },
    "node_modules/@storybook/core-events": {
      "version": "7.6.17",
      "resolved": "https://boostinc-dev-595687988867.d.codeartifact.eu-west-1.amazonaws.com/npm/boostinc-dev/@storybook/core-events/-/core-events-7.6.17.tgz",
      "integrity": "sha512-AriWMCm/k1cxlv10f+jZ1wavThTRpLaN3kY019kHWbYT9XgaSuLU67G7GPr3cGnJ6HuA6uhbzu8qtqVCd6OfXA==",
      "license": "MIT",
      "peer": true,
      "dependencies": {
        "ts-dedent": "^2.0.0"
      },
      "funding": {
        "type": "opencollective",
        "url": "https://opencollective.com/storybook"
      }
    },
    "node_modules/@storybook/csf": {
      "version": "0.1.13",
      "resolved": "https://boostinc-dev-595687988867.d.codeartifact.eu-west-1.amazonaws.com/npm/boostinc-dev/@storybook/csf/-/csf-0.1.13.tgz",
      "integrity": "sha512-7xOOwCLGB3ebM87eemep89MYRFTko+D8qE7EdAAq74lgdqRR5cOUtYWJLjO2dLtP94nqoOdHJo6MdLLKzg412Q==",
      "license": "MIT",
      "peer": true,
      "dependencies": {
        "type-fest": "^2.19.0"
      }
    },
    "node_modules/@storybook/global": {
      "version": "5.0.0",
      "resolved": "https://boostinc-dev-595687988867.d.codeartifact.eu-west-1.amazonaws.com/npm/boostinc-dev/@storybook/global/-/global-5.0.0.tgz",
      "integrity": "sha512-FcOqPAXACP0I3oJ/ws6/rrPT9WGhu915Cg8D02a9YxLo0DE9zI+a9A5gRGvmQ09fiWPukqI8ZAEoQEdWUKMQdQ==",
      "license": "MIT",
      "peer": true
    },
    "node_modules/@storybook/manager-api": {
      "version": "7.6.17",
      "resolved": "https://boostinc-dev-595687988867.d.codeartifact.eu-west-1.amazonaws.com/npm/boostinc-dev/@storybook/manager-api/-/manager-api-7.6.17.tgz",
      "integrity": "sha512-IJIV1Yc6yw1dhCY4tReHCfBnUKDqEBnMyHp3mbXpsaHxnxJZrXO45WjRAZIKlQKhl/Ge1CrnznmHRCmYgqmrWg==",
      "license": "MIT",
      "peer": true,
      "dependencies": {
        "@storybook/channels": "7.6.17",
        "@storybook/client-logger": "7.6.17",
        "@storybook/core-events": "7.6.17",
        "@storybook/csf": "^0.1.2",
        "@storybook/global": "^5.0.0",
        "@storybook/router": "7.6.17",
        "@storybook/theming": "7.6.17",
        "@storybook/types": "7.6.17",
        "dequal": "^2.0.2",
        "lodash": "^4.17.21",
        "memoizerific": "^1.11.3",
        "store2": "^2.14.2",
        "telejson": "^7.2.0",
        "ts-dedent": "^2.0.0"
      },
      "funding": {
        "type": "opencollective",
        "url": "https://opencollective.com/storybook"
      }
    },
    "node_modules/@storybook/preview-api": {
      "version": "7.6.17",
      "resolved": "https://boostinc-dev-595687988867.d.codeartifact.eu-west-1.amazonaws.com/npm/boostinc-dev/@storybook/preview-api/-/preview-api-7.6.17.tgz",
      "integrity": "sha512-wLfDdI9RWo1f2zzFe54yRhg+2YWyxLZvqdZnSQ45mTs4/7xXV5Wfbv3QNTtcdw8tT3U5KRTrN1mTfTCiRJc0Kw==",
      "license": "MIT",
      "peer": true,
      "dependencies": {
        "@storybook/channels": "7.6.17",
        "@storybook/client-logger": "7.6.17",
        "@storybook/core-events": "7.6.17",
        "@storybook/csf": "^0.1.2",
        "@storybook/global": "^5.0.0",
        "@storybook/types": "7.6.17",
        "@types/qs": "^6.9.5",
        "dequal": "^2.0.2",
        "lodash": "^4.17.21",
        "memoizerific": "^1.11.3",
        "qs": "^6.10.0",
        "synchronous-promise": "^2.0.15",
        "ts-dedent": "^2.0.0",
        "util-deprecate": "^1.0.2"
      },
      "funding": {
        "type": "opencollective",
        "url": "https://opencollective.com/storybook"
      }
    },
    "node_modules/@storybook/router": {
      "version": "7.6.17",
      "resolved": "https://boostinc-dev-595687988867.d.codeartifact.eu-west-1.amazonaws.com/npm/boostinc-dev/@storybook/router/-/router-7.6.17.tgz",
      "integrity": "sha512-GnyC0j6Wi5hT4qRhSyT8NPtJfGmf82uZw97LQRWeyYu5gWEshUdM7aj40XlNiScd5cZDp0owO1idduVF2k2l2A==",
      "license": "MIT",
      "peer": true,
      "dependencies": {
        "@storybook/client-logger": "7.6.17",
        "memoizerific": "^1.11.3",
        "qs": "^6.10.0"
      },
      "funding": {
        "type": "opencollective",
        "url": "https://opencollective.com/storybook"
      }
    },
    "node_modules/@storybook/theming": {
      "version": "7.6.17",
      "resolved": "https://boostinc-dev-595687988867.d.codeartifact.eu-west-1.amazonaws.com/npm/boostinc-dev/@storybook/theming/-/theming-7.6.17.tgz",
      "integrity": "sha512-ZbaBt3KAbmBtfjNqgMY7wPMBshhSJlhodyMNQypv+95xLD/R+Az6aBYbpVAOygLaUQaQk4ar7H/Ww6lFIoiFbA==",
      "license": "MIT",
      "peer": true,
      "dependencies": {
        "@emotion/use-insertion-effect-with-fallbacks": "^1.0.0",
        "@storybook/client-logger": "7.6.17",
        "@storybook/global": "^5.0.0",
        "memoizerific": "^1.11.3"
      },
      "funding": {
        "type": "opencollective",
        "url": "https://opencollective.com/storybook"
      },
      "peerDependencies": {
        "react": "^16.8.0 || ^17.0.0 || ^18.0.0",
        "react-dom": "^16.8.0 || ^17.0.0 || ^18.0.0"
      }
    },
    "node_modules/@storybook/types": {
      "version": "7.6.17",
      "resolved": "https://boostinc-dev-595687988867.d.codeartifact.eu-west-1.amazonaws.com/npm/boostinc-dev/@storybook/types/-/types-7.6.17.tgz",
      "integrity": "sha512-GRY0xEJQ0PrL7DY2qCNUdIfUOE0Gsue6N+GBJw9ku1IUDFLJRDOF+4Dx2BvYcVCPI5XPqdWKlEyZdMdKjiQN7Q==",
      "license": "MIT",
      "peer": true,
      "dependencies": {
        "@storybook/channels": "7.6.17",
        "@types/babel__core": "^7.0.0",
        "@types/express": "^4.7.0",
        "file-system-cache": "2.3.0"
      },
      "funding": {
        "type": "opencollective",
        "url": "https://opencollective.com/storybook"
      }
    },
    "node_modules/@types/babel__core": {
      "version": "7.20.5",
      "resolved": "https://boostinc-dev-595687988867.d.codeartifact.eu-west-1.amazonaws.com/npm/boostinc-dev/@types/babel__core/-/babel__core-7.20.5.tgz",
      "integrity": "sha512-qoQprZvz5wQFJwMDqeseRXWv3rqMvhgpbXFfVyWhbx9X47POIA6i/+dXefEmZKoAgOaTdaIgNSMqMIU61yRyzA==",
      "license": "MIT",
      "peer": true,
      "dependencies": {
        "@babel/parser": "^7.20.7",
        "@babel/types": "^7.20.7",
        "@types/babel__generator": "*",
        "@types/babel__template": "*",
        "@types/babel__traverse": "*"
      }
    },
    "node_modules/@types/babel__generator": {
      "version": "7.27.0",
      "resolved": "https://boostinc-dev-595687988867.d.codeartifact.eu-west-1.amazonaws.com/npm/boostinc-dev/@types/babel__generator/-/babel__generator-7.27.0.tgz",
      "integrity": "sha512-ufFd2Xi92OAVPYsy+P4n7/U7e68fex0+Ee8gSG9KX7eo084CWiQ4sdxktvdl0bOPupXtVJPY19zk6EwWqUQ8lg==",
      "license": "MIT",
      "peer": true,
      "dependencies": {
        "@babel/types": "^7.0.0"
      }
    },
    "node_modules/@types/babel__template": {
      "version": "7.4.4",
      "resolved": "https://boostinc-dev-595687988867.d.codeartifact.eu-west-1.amazonaws.com/npm/boostinc-dev/@types/babel__template/-/babel__template-7.4.4.tgz",
      "integrity": "sha512-h/NUaSyG5EyxBIp8YRxo4RMe2/qQgvyowRwVMzhYhBCONbW8PUsg4lkFMrhgZhUe5z3L3MiLDuvyJ/CaPa2A8A==",
      "license": "MIT",
      "peer": true,
      "dependencies": {
        "@babel/parser": "^7.1.0",
        "@babel/types": "^7.0.0"
      }
    },
    "node_modules/@types/babel__traverse": {
      "version": "7.28.0",
      "resolved": "https://boostinc-dev-595687988867.d.codeartifact.eu-west-1.amazonaws.com/npm/boostinc-dev/@types/babel__traverse/-/babel__traverse-7.28.0.tgz",
      "integrity": "sha512-8PvcXf70gTDZBgt9ptxJ8elBeBjcLOAcOtoO/mPJjtji1+CdGbHgm77om1GrsPxsiE+uXIpNSK64UYaIwQXd4Q==",
      "license": "MIT",
      "peer": true,
      "dependencies": {
        "@babel/types": "^7.28.2"
      }
    },
    "node_modules/@types/body-parser": {
      "version": "1.19.6",
      "resolved": "https://boostinc-dev-595687988867.d.codeartifact.eu-west-1.amazonaws.com/npm/boostinc-dev/@types/body-parser/-/body-parser-1.19.6.tgz",
      "integrity": "sha512-HLFeCYgz89uk22N5Qg3dvGvsv46B8GLvKKo1zKG4NybA8U2DiEO3w9lqGg29t/tfLRJpJ6iQxnVw4OnB7MoM9g==",
      "license": "MIT",
      "peer": true,
      "dependencies": {
        "@types/connect": "*",
        "@types/node": "*"
      }
    },
    "node_modules/@types/connect": {
      "version": "3.4.38",
      "resolved": "https://boostinc-dev-595687988867.d.codeartifact.eu-west-1.amazonaws.com/npm/boostinc-dev/@types/connect/-/connect-3.4.38.tgz",
      "integrity": "sha512-K6uROf1LD88uDQqJCktA4yzL1YYAK6NgfsI0v/mTgyPKWsX1CnJ0XPSDhViejru1GcRkLWb8RlzFYJRqGUbaug==",
      "license": "MIT",
      "peer": true,
      "dependencies": {
        "@types/node": "*"
      }
    },
    "node_modules/@types/express": {
      "version": "4.17.25",
      "resolved": "https://boostinc-dev-595687988867.d.codeartifact.eu-west-1.amazonaws.com/npm/boostinc-dev/@types/express/-/express-4.17.25.tgz",
      "integrity": "sha512-dVd04UKsfpINUnK0yBoYHDF3xu7xVH4BuDotC/xGuycx4CgbP48X/KF/586bcObxT0HENHXEU8Nqtu6NR+eKhw==",
      "license": "MIT",
      "peer": true,
      "dependencies": {
        "@types/body-parser": "*",
        "@types/express-serve-static-core": "^4.17.33",
        "@types/qs": "*",
        "@types/serve-static": "^1"
      }
    },
    "node_modules/@types/express-serve-static-core": {
      "version": "4.19.7",
      "resolved": "https://boostinc-dev-595687988867.d.codeartifact.eu-west-1.amazonaws.com/npm/boostinc-dev/@types/express-serve-static-core/-/express-serve-static-core-4.19.7.tgz",
      "integrity": "sha512-FvPtiIf1LfhzsaIXhv/PHan/2FeQBbtBDtfX2QfvPxdUelMDEckK08SM6nqo1MIZY3RUlfA+HV8+hFUSio78qg==",
      "license": "MIT",
      "peer": true,
      "dependencies": {
        "@types/node": "*",
        "@types/qs": "*",
        "@types/range-parser": "*",
        "@types/send": "*"
      }
    },
    "node_modules/@types/http-errors": {
      "version": "2.0.5",
      "resolved": "https://boostinc-dev-595687988867.d.codeartifact.eu-west-1.amazonaws.com/npm/boostinc-dev/@types/http-errors/-/http-errors-2.0.5.tgz",
      "integrity": "sha512-r8Tayk8HJnX0FztbZN7oVqGccWgw98T/0neJphO91KkmOzug1KkofZURD4UaD5uH8AqcFLfdPErnBod0u71/qg==",
      "license": "MIT",
      "peer": true
    },
    "node_modules/@types/mime": {
      "version": "1.3.5",
      "resolved": "https://boostinc-dev-595687988867.d.codeartifact.eu-west-1.amazonaws.com/npm/boostinc-dev/@types/mime/-/mime-1.3.5.tgz",
      "integrity": "sha512-/pyBZWSLD2n0dcHE3hq8s8ZvcETHtEuF+3E7XVt0Ig2nvsVQXdghHVcEkIWjy9A0wKfTn97a/PSDYohKIlnP/w==",
      "license": "MIT",
      "peer": true
    },
    "node_modules/@types/node": {
      "version": "24.10.2",
      "resolved": "https://boostinc-dev-595687988867.d.codeartifact.eu-west-1.amazonaws.com/npm/boostinc-dev/@types/node/-/node-24.10.2.tgz",
      "integrity": "sha512-WOhQTZ4G8xZ1tjJTvKOpyEVSGgOTvJAfDK3FNFgELyaTpzhdgHVHeqW8V+UJvzF5BT+/B54T/1S2K6gd9c7bbA==",
      "license": "MIT",
      "peer": true,
      "dependencies": {
        "undici-types": "~7.16.0"
      }
    },
    "node_modules/@types/qs": {
      "version": "6.14.0",
      "resolved": "https://boostinc-dev-595687988867.d.codeartifact.eu-west-1.amazonaws.com/npm/boostinc-dev/@types/qs/-/qs-6.14.0.tgz",
      "integrity": "sha512-eOunJqu0K1923aExK6y8p6fsihYEn/BYuQ4g0CxAAgFc4b/ZLN4CrsRZ55srTdqoiLzU2B2evC+apEIxprEzkQ==",
      "license": "MIT",
      "peer": true
    },
    "node_modules/@types/range-parser": {
      "version": "1.2.7",
      "resolved": "https://boostinc-dev-595687988867.d.codeartifact.eu-west-1.amazonaws.com/npm/boostinc-dev/@types/range-parser/-/range-parser-1.2.7.tgz",
      "integrity": "sha512-hKormJbkJqzQGhziax5PItDUTMAM9uE2XXQmM37dyd4hVM+5aVl7oVxMVUiVQn2oCQFN/LKCZdvSM0pFRqbSmQ==",
      "license": "MIT",
      "peer": true
    },
    "node_modules/@types/send": {
      "version": "1.2.1",
      "resolved": "https://boostinc-dev-595687988867.d.codeartifact.eu-west-1.amazonaws.com/npm/boostinc-dev/@types/send/-/send-1.2.1.tgz",
      "integrity": "sha512-arsCikDvlU99zl1g69TcAB3mzZPpxgw0UQnaHeC1Nwb015xp8bknZv5rIfri9xTOcMuaVgvabfIRA7PSZVuZIQ==",
      "license": "MIT",
      "peer": true,
      "dependencies": {
        "@types/node": "*"
      }
    },
    "node_modules/@types/serve-static": {
      "version": "1.15.10",
      "resolved": "https://boostinc-dev-595687988867.d.codeartifact.eu-west-1.amazonaws.com/npm/boostinc-dev/@types/serve-static/-/serve-static-1.15.10.tgz",
      "integrity": "sha512-tRs1dB+g8Itk72rlSI2ZrW6vZg0YrLI81iQSTkMmOqnqCaNr/8Ek4VwWcN5vZgCYWbg/JJSGBlUaYGAOP73qBw==",
      "license": "MIT",
      "peer": true,
      "dependencies": {
        "@types/http-errors": "*",
        "@types/node": "*",
        "@types/send": "<1"
      }
    },
    "node_modules/@types/serve-static/node_modules/@types/send": {
      "version": "0.17.6",
      "resolved": "https://boostinc-dev-595687988867.d.codeartifact.eu-west-1.amazonaws.com/npm/boostinc-dev/@types/send/-/send-0.17.6.tgz",
      "integrity": "sha512-Uqt8rPBE8SY0RK8JB1EzVOIZ32uqy8HwdxCnoCOsYrvnswqmFZ/k+9Ikidlk/ImhsdvBsloHbAlewb2IEBV/Og==",
      "license": "MIT",
      "peer": true,
      "dependencies": {
        "@types/mime": "^1",
        "@types/node": "*"
      }
    },
    "node_modules/angular": {
      "version": "1.8.3",
      "resolved": "https://boostinc-dev-595687988867.d.codeartifact.eu-west-1.amazonaws.com/npm/boostinc-dev/angular/-/angular-1.8.3.tgz",
      "integrity": "sha512-5qjkWIQQVsHj4Sb5TcEs4WZWpFeVFHXwxEBHUhrny41D8UrBAd6T/6nPPAsLngJCReIOqi95W3mxdveveutpZw==",
      "deprecated": "For the actively supported Angular, see https://www.npmjs.com/package/@angular/core. AngularJS support has officially ended. For extended AngularJS support options, see https://goo.gle/angularjs-path-forward.",
      "license": "MIT",
      "peer": true
    },
    "node_modules/call-bind-apply-helpers": {
      "version": "1.0.2",
      "resolved": "https://boostinc-dev-595687988867.d.codeartifact.eu-west-1.amazonaws.com/npm/boostinc-dev/call-bind-apply-helpers/-/call-bind-apply-helpers-1.0.2.tgz",
      "integrity": "sha512-Sp1ablJ0ivDkSzjcaJdxEunN5/XvksFJ2sMBFfq6x0ryhQV/2b/KwFe21cMpmHtPOSij8K99/wSfoEuTObmuMQ==",
      "license": "MIT",
      "peer": true,
      "dependencies": {
        "es-errors": "^1.3.0",
        "function-bind": "^1.1.2"
      },
      "engines": {
        "node": ">= 0.4"
      }
    },
    "node_modules/call-bound": {
      "version": "1.0.4",
      "resolved": "https://boostinc-dev-595687988867.d.codeartifact.eu-west-1.amazonaws.com/npm/boostinc-dev/call-bound/-/call-bound-1.0.4.tgz",
      "integrity": "sha512-+ys997U96po4Kx/ABpBCqhA9EuxJaQWDQg7295H4hBphv3IZg0boBKuwYpt4YXp6MZ5AmZQnU/tyMTlRpaSejg==",
      "license": "MIT",
      "peer": true,
      "dependencies": {
        "call-bind-apply-helpers": "^1.0.2",
        "get-intrinsic": "^1.3.0"
      },
      "engines": {
        "node": ">= 0.4"
      },
      "funding": {
        "url": "https://github.com/sponsors/ljharb"
      }
    },
    "node_modules/dequal": {
      "version": "2.0.3",
      "resolved": "https://boostinc-dev-595687988867.d.codeartifact.eu-west-1.amazonaws.com/npm/boostinc-dev/dequal/-/dequal-2.0.3.tgz",
      "integrity": "sha512-0je+qPKHEMohvfRTCEo3CrPG6cAzAYgmzKyxRiYSSDkS6eGJdyVJm7WaYA5ECaAD9wLB2T4EEeymA5aFVcYXCA==",
      "license": "MIT",
      "peer": true,
      "engines": {
        "node": ">=6"
      }
    },
    "node_modules/dunder-proto": {
      "version": "1.0.1",
      "resolved": "https://boostinc-dev-595687988867.d.codeartifact.eu-west-1.amazonaws.com/npm/boostinc-dev/dunder-proto/-/dunder-proto-1.0.1.tgz",
      "integrity": "sha512-KIN/nDJBQRcXw0MLVhZE9iQHmG68qAVIBg9CqmUYjmQIhgij9U5MFvrqkUL5FbtyyzZuOeOt0zdeRe4UY7ct+A==",
      "license": "MIT",
      "peer": true,
      "dependencies": {
        "call-bind-apply-helpers": "^1.0.1",
        "es-errors": "^1.3.0",
        "gopd": "^1.2.0"
      },
      "engines": {
        "node": ">= 0.4"
      }
    },
    "node_modules/es-define-property": {
      "version": "1.0.1",
      "resolved": "https://boostinc-dev-595687988867.d.codeartifact.eu-west-1.amazonaws.com/npm/boostinc-dev/es-define-property/-/es-define-property-1.0.1.tgz",
      "integrity": "sha512-e3nRfgfUZ4rNGL232gUgX06QNyyez04KdjFrF+LTRoOXmrOgFKDg4BCdsjW8EnT69eqdYGmRpJwiPVYNrCaW3g==",
      "license": "MIT",
      "peer": true,
      "engines": {
        "node": ">= 0.4"
      }
    },
    "node_modules/es-errors": {
      "version": "1.3.0",
      "resolved": "https://boostinc-dev-595687988867.d.codeartifact.eu-west-1.amazonaws.com/npm/boostinc-dev/es-errors/-/es-errors-1.3.0.tgz",
      "integrity": "sha512-Zf5H2Kxt2xjTvbJvP2ZWLEICxA6j+hAmMzIlypy4xcBg1vKVnx89Wy0GbS+kf5cwCVFFzdCFh2XSCFNULS6csw==",
      "license": "MIT",
      "peer": true,
      "engines": {
        "node": ">= 0.4"
      }
    },
    "node_modules/es-object-atoms": {
      "version": "1.1.1",
      "resolved": "https://boostinc-dev-595687988867.d.codeartifact.eu-west-1.amazonaws.com/npm/boostinc-dev/es-object-atoms/-/es-object-atoms-1.1.1.tgz",
      "integrity": "sha512-FGgH2h8zKNim9ljj7dankFPcICIK9Cp5bm+c2gQSYePhpaG5+esrLODihIorn+Pe6FGJzWhXQotPv73jTaldXA==",
      "license": "MIT",
      "peer": true,
      "dependencies": {
        "es-errors": "^1.3.0"
      },
      "engines": {
        "node": ">= 0.4"
      }
    },
    "node_modules/file-system-cache": {
      "version": "2.3.0",
      "resolved": "https://boostinc-dev-595687988867.d.codeartifact.eu-west-1.amazonaws.com/npm/boostinc-dev/file-system-cache/-/file-system-cache-2.3.0.tgz",
      "integrity": "sha512-l4DMNdsIPsVnKrgEXbJwDJsA5mB8rGwHYERMgqQx/xAUtChPJMre1bXBzDEqqVbWv9AIbFezXMxeEkZDSrXUOQ==",
      "license": "MIT",
      "peer": true,
      "dependencies": {
        "fs-extra": "11.1.1",
        "ramda": "0.29.0"
      }
    },
    "node_modules/fs-extra": {
      "version": "11.1.1",
      "resolved": "https://boostinc-dev-595687988867.d.codeartifact.eu-west-1.amazonaws.com/npm/boostinc-dev/fs-extra/-/fs-extra-11.1.1.tgz",
      "integrity": "sha512-MGIE4HOvQCeUCzmlHs0vXpih4ysz4wg9qiSAu6cd42lVwPbTM1TjV7RusoyQqMmk/95gdQZX72u+YW+c3eEpFQ==",
      "license": "MIT",
      "peer": true,
      "dependencies": {
        "graceful-fs": "^4.2.0",
        "jsonfile": "^6.0.1",
        "universalify": "^2.0.0"
      },
      "engines": {
        "node": ">=14.14"
      }
    },
    "node_modules/function-bind": {
      "version": "1.1.2",
      "resolved": "https://boostinc-dev-595687988867.d.codeartifact.eu-west-1.amazonaws.com/npm/boostinc-dev/function-bind/-/function-bind-1.1.2.tgz",
      "integrity": "sha512-7XHNxH7qX9xG5mIwxkhumTox/MIRNcOgDrxWsMt2pAr23WHp6MrRlN7FBSFpCpr+oVO0F744iUgR82nJMfG2SA==",
      "license": "MIT",
      "peer": true,
      "funding": {
        "url": "https://github.com/sponsors/ljharb"
      }
    },
    "node_modules/get-intrinsic": {
      "version": "1.3.0",
      "resolved": "https://boostinc-dev-595687988867.d.codeartifact.eu-west-1.amazonaws.com/npm/boostinc-dev/get-intrinsic/-/get-intrinsic-1.3.0.tgz",
      "integrity": "sha512-9fSjSaos/fRIVIp+xSJlE6lfwhES7LNtKaCBIamHsjr2na1BiABJPo0mOjjz8GJDURarmCPGqaiVg5mfjb98CQ==",
      "license": "MIT",
      "peer": true,
      "dependencies": {
        "call-bind-apply-helpers": "^1.0.2",
        "es-define-property": "^1.0.1",
        "es-errors": "^1.3.0",
        "es-object-atoms": "^1.1.1",
        "function-bind": "^1.1.2",
        "get-proto": "^1.0.1",
        "gopd": "^1.2.0",
        "has-symbols": "^1.1.0",
        "hasown": "^2.0.2",
        "math-intrinsics": "^1.1.0"
      },
      "engines": {
        "node": ">= 0.4"
      },
      "funding": {
        "url": "https://github.com/sponsors/ljharb"
      }
    },
    "node_modules/get-proto": {
      "version": "1.0.1",
      "resolved": "https://boostinc-dev-595687988867.d.codeartifact.eu-west-1.amazonaws.com/npm/boostinc-dev/get-proto/-/get-proto-1.0.1.tgz",
      "integrity": "sha512-sTSfBjoXBp89JvIKIefqw7U2CCebsc74kiY6awiGogKtoSGbgjYE/G/+l9sF3MWFPNc9IcoOC4ODfKHfxFmp0g==",
      "license": "MIT",
      "peer": true,
      "dependencies": {
        "dunder-proto": "^1.0.1",
        "es-object-atoms": "^1.0.0"
      },
      "engines": {
        "node": ">= 0.4"
      }
    },
    "node_modules/gopd": {
      "version": "1.2.0",
      "resolved": "https://boostinc-dev-595687988867.d.codeartifact.eu-west-1.amazonaws.com/npm/boostinc-dev/gopd/-/gopd-1.2.0.tgz",
      "integrity": "sha512-ZUKRh6/kUFoAiTAtTYPZJ3hw9wNxx+BIBOijnlG9PnrJsCcSjs1wyyD6vJpaYtgnzDrKYRSqf3OO6Rfa93xsRg==",
      "license": "MIT",
      "peer": true,
      "engines": {
        "node": ">= 0.4"
      },
      "funding": {
        "url": "https://github.com/sponsors/ljharb"
      }
    },
    "node_modules/graceful-fs": {
      "version": "4.2.11",
      "resolved": "https://boostinc-dev-595687988867.d.codeartifact.eu-west-1.amazonaws.com/npm/boostinc-dev/graceful-fs/-/graceful-fs-4.2.11.tgz",
      "integrity": "sha512-RbJ5/jmFcNNCcDV5o9eTnBLJ/HszWV0P73bc+Ff4nS/rJj+YaS6IGyiOL0VoBYX+l1Wrl3k63h/KrH+nhJ0XvQ==",
      "license": "ISC",
      "peer": true
    },
    "node_modules/has-symbols": {
      "version": "1.1.0",
      "resolved": "https://boostinc-dev-595687988867.d.codeartifact.eu-west-1.amazonaws.com/npm/boostinc-dev/has-symbols/-/has-symbols-1.1.0.tgz",
      "integrity": "sha512-1cDNdwJ2Jaohmb3sg4OmKaMBwuC48sYni5HUw2DvsC8LjGTLK9h+eb1X6RyuOHe4hT0ULCW68iomhjUoKUqlPQ==",
      "license": "MIT",
      "peer": true,
      "engines": {
        "node": ">= 0.4"
      },
      "funding": {
        "url": "https://github.com/sponsors/ljharb"
      }
    },
    "node_modules/hasown": {
      "version": "2.0.2",
      "resolved": "https://boostinc-dev-595687988867.d.codeartifact.eu-west-1.amazonaws.com/npm/boostinc-dev/hasown/-/hasown-2.0.2.tgz",
      "integrity": "sha512-0hJU9SCPvmMzIBdZFqNPXWa6dqh7WdH0cII9y+CyS8rG3nL48Bclra9HmKhVVUHyPWNH5Y7xDwAB7bfgSjkUMQ==",
      "license": "MIT",
      "peer": true,
      "dependencies": {
        "function-bind": "^1.1.2"
      },
      "engines": {
        "node": ">= 0.4"
      }
    },
    "node_modules/js-tokens": {
      "version": "4.0.0",
      "resolved": "https://boostinc-dev-595687988867.d.codeartifact.eu-west-1.amazonaws.com/npm/boostinc-dev/js-tokens/-/js-tokens-4.0.0.tgz",
      "integrity": "sha512-RdJUflcE3cUzKiMqQgsCu06FPu9UdIJO0beYbPhHN4k6apgJtifcoCtT9bcxOpYBtpD2kCM6Sbzg4CausW/PKQ==",
      "license": "MIT",
      "peer": true
    },
    "node_modules/jsonfile": {
      "version": "6.2.0",
      "resolved": "https://boostinc-dev-595687988867.d.codeartifact.eu-west-1.amazonaws.com/npm/boostinc-dev/jsonfile/-/jsonfile-6.2.0.tgz",
      "integrity": "sha512-FGuPw30AdOIUTRMC2OMRtQV+jkVj2cfPqSeWXv1NEAJ1qZ5zb1X6z1mFhbfOB/iy3ssJCD+3KuZ8r8C3uVFlAg==",
      "license": "MIT",
      "peer": true,
      "dependencies": {
        "universalify": "^2.0.0"
      },
      "optionalDependencies": {
        "graceful-fs": "^4.1.6"
      }
    },
    "node_modules/lodash": {
      "version": "4.17.21",
      "resolved": "https://boostinc-dev-595687988867.d.codeartifact.eu-west-1.amazonaws.com/npm/boostinc-dev/lodash/-/lodash-4.17.21.tgz",
      "integrity": "sha512-v2kDEe57lecTulaDIuNTPy3Ry4gLGJ6Z1O3vE1krgXZNrsQ+LFTGHVxVjcXPs17LhbZVGedAJv8XZ1tvj5FvSg==",
      "license": "MIT",
      "peer": true
    },
    "node_modules/loose-envify": {
      "version": "1.4.0",
      "resolved": "https://boostinc-dev-595687988867.d.codeartifact.eu-west-1.amazonaws.com/npm/boostinc-dev/loose-envify/-/loose-envify-1.4.0.tgz",
      "integrity": "sha512-lyuxPGr/Wfhrlem2CL/UcnUc1zcqKAImBDzukY7Y5F/yQiNdko6+fRLevlw1HgMySw7f611UIY408EtxRSoK3Q==",
      "license": "MIT",
      "peer": true,
      "dependencies": {
        "js-tokens": "^3.0.0 || ^4.0.0"
      },
      "bin": {
        "loose-envify": "cli.js"
      }
    },
    "node_modules/map-or-similar": {
      "version": "1.5.0",
      "resolved": "https://boostinc-dev-595687988867.d.codeartifact.eu-west-1.amazonaws.com/npm/boostinc-dev/map-or-similar/-/map-or-similar-1.5.0.tgz",
      "integrity": "sha512-0aF7ZmVon1igznGI4VS30yugpduQW3y3GkcgGJOp7d8x8QrizhigUxjI/m2UojsXXto+jLAH3KSz+xOJTiORjg==",
      "license": "MIT",
      "peer": true
    },
    "node_modules/math-intrinsics": {
      "version": "1.1.0",
      "resolved": "https://boostinc-dev-595687988867.d.codeartifact.eu-west-1.amazonaws.com/npm/boostinc-dev/math-intrinsics/-/math-intrinsics-1.1.0.tgz",
      "integrity": "sha512-/IXtbwEk5HTPyEwyKX6hGkYXxM9nbj64B+ilVJnC/R6B0pH5G4V3b0pVbL7DBj4tkhBAppbQUlf6F6Xl9LHu1g==",
      "license": "MIT",
      "peer": true,
      "engines": {
        "node": ">= 0.4"
      }
    },
    "node_modules/memoizerific": {
      "version": "1.11.3",
      "resolved": "https://boostinc-dev-595687988867.d.codeartifact.eu-west-1.amazonaws.com/npm/boostinc-dev/memoizerific/-/memoizerific-1.11.3.tgz",
      "integrity": "sha512-/EuHYwAPdLtXwAwSZkh/Gutery6pD2KYd44oQLhAvQp/50mpyduZh8Q7PYHXTCJ+wuXxt7oij2LXyIJOOYFPog==",
      "license": "MIT",
      "peer": true,
      "dependencies": {
        "map-or-similar": "^1.5.0"
      }
    },
    "node_modules/object-inspect": {
      "version": "1.13.4",
      "resolved": "https://boostinc-dev-595687988867.d.codeartifact.eu-west-1.amazonaws.com/npm/boostinc-dev/object-inspect/-/object-inspect-1.13.4.tgz",
      "integrity": "sha512-W67iLl4J2EXEGTbfeHCffrjDfitvLANg0UlX3wFUUSTx92KXRFegMHUVgSqE+wvhAbi4WqjGg9czysTV2Epbew==",
      "license": "MIT",
      "peer": true,
      "engines": {
        "node": ">= 0.4"
      },
      "funding": {
        "url": "https://github.com/sponsors/ljharb"
      }
    },
    "node_modules/qs": {
      "version": "6.14.0",
      "resolved": "https://boostinc-dev-595687988867.d.codeartifact.eu-west-1.amazonaws.com/npm/boostinc-dev/qs/-/qs-6.14.0.tgz",
      "integrity": "sha512-YWWTjgABSKcvs/nWBi9PycY/JiPJqOD4JA6o9Sej2AtvSGarXxKC3OQSk4pAarbdQlKAh5D4FCQkJNkW+GAn3w==",
      "license": "BSD-3-Clause",
      "peer": true,
      "dependencies": {
        "side-channel": "^1.1.0"
      },
      "engines": {
        "node": ">=0.6"
      },
      "funding": {
        "url": "https://github.com/sponsors/ljharb"
      }
    },
    "node_modules/ramda": {
      "version": "0.29.0",
      "resolved": "https://boostinc-dev-595687988867.d.codeartifact.eu-west-1.amazonaws.com/npm/boostinc-dev/ramda/-/ramda-0.29.0.tgz",
      "integrity": "sha512-BBea6L67bYLtdbOqfp8f58fPMqEwx0doL+pAi8TZyp2YWz8R9G8z9x75CZI8W+ftqhFHCpEX2cRnUUXK130iKA==",
      "license": "MIT",
      "peer": true,
      "funding": {
        "type": "opencollective",
        "url": "https://opencollective.com/ramda"
      }
    },
    "node_modules/react": {
      "version": "18.3.1",
      "resolved": "https://boostinc-dev-595687988867.d.codeartifact.eu-west-1.amazonaws.com/npm/boostinc-dev/react/-/react-18.3.1.tgz",
      "integrity": "sha512-wS+hAgJShR0KhEvPJArfuPVN1+Hz1t0Y6n5jLrGQbkb4urgPE/0Rve+1kMB1v/oWgHgm4WIcV+i7F2pTVj+2iQ==",
      "license": "MIT",
      "peer": true,
      "dependencies": {
        "loose-envify": "^1.1.0"
      },
      "engines": {
        "node": ">=0.10.0"
      }
    },
    "node_modules/react-dom": {
      "version": "18.3.1",
      "resolved": "https://boostinc-dev-595687988867.d.codeartifact.eu-west-1.amazonaws.com/npm/boostinc-dev/react-dom/-/react-dom-18.3.1.tgz",
      "integrity": "sha512-5m4nQKp+rZRb09LNH59GM4BxTh9251/ylbKIbpe7TpGxfJ+9kv6BLkLBXIjjspbgbnIBNqlI23tRnTWT0snUIw==",
      "license": "MIT",
      "peer": true,
      "dependencies": {
        "loose-envify": "^1.1.0",
        "scheduler": "^0.23.2"
      },
      "peerDependencies": {
        "react": "^18.3.1"
      }
    },
    "node_modules/scheduler": {
      "version": "0.23.2",
      "resolved": "https://boostinc-dev-595687988867.d.codeartifact.eu-west-1.amazonaws.com/npm/boostinc-dev/scheduler/-/scheduler-0.23.2.tgz",
      "integrity": "sha512-UOShsPwz7NrMUqhR6t0hWjFduvOzbtv7toDH1/hIrfRNIDBnnBWd0CwJTGvTpngVlmwGCdP9/Zl/tVrDqcuYzQ==",
      "license": "MIT",
      "peer": true,
      "dependencies": {
        "loose-envify": "^1.1.0"
      }
    },
    "node_modules/side-channel": {
      "version": "1.1.0",
      "resolved": "https://boostinc-dev-595687988867.d.codeartifact.eu-west-1.amazonaws.com/npm/boostinc-dev/side-channel/-/side-channel-1.1.0.tgz",
      "integrity": "sha512-ZX99e6tRweoUXqR+VBrslhda51Nh5MTQwou5tnUDgbtyM0dBgmhEDtWGP/xbKn6hqfPRHujUNwz5fy/wbbhnpw==",
      "license": "MIT",
      "peer": true,
      "dependencies": {
        "es-errors": "^1.3.0",
        "object-inspect": "^1.13.3",
        "side-channel-list": "^1.0.0",
        "side-channel-map": "^1.0.1",
        "side-channel-weakmap": "^1.0.2"
      },
      "engines": {
        "node": ">= 0.4"
      },
      "funding": {
        "url": "https://github.com/sponsors/ljharb"
      }
    },
    "node_modules/side-channel-list": {
      "version": "1.0.0",
      "resolved": "https://boostinc-dev-595687988867.d.codeartifact.eu-west-1.amazonaws.com/npm/boostinc-dev/side-channel-list/-/side-channel-list-1.0.0.tgz",
      "integrity": "sha512-FCLHtRD/gnpCiCHEiJLOwdmFP+wzCmDEkc9y7NsYxeF4u7Btsn1ZuwgwJGxImImHicJArLP4R0yX4c2KCrMrTA==",
      "license": "MIT",
      "peer": true,
      "dependencies": {
        "es-errors": "^1.3.0",
        "object-inspect": "^1.13.3"
      },
      "engines": {
        "node": ">= 0.4"
      },
      "funding": {
        "url": "https://github.com/sponsors/ljharb"
      }
    },
    "node_modules/side-channel-map": {
      "version": "1.0.1",
      "resolved": "https://boostinc-dev-595687988867.d.codeartifact.eu-west-1.amazonaws.com/npm/boostinc-dev/side-channel-map/-/side-channel-map-1.0.1.tgz",
      "integrity": "sha512-VCjCNfgMsby3tTdo02nbjtM/ewra6jPHmpThenkTYh8pG9ucZ/1P8So4u4FGBek/BjpOVsDCMoLA/iuBKIFXRA==",
      "license": "MIT",
      "peer": true,
      "dependencies": {
        "call-bound": "^1.0.2",
        "es-errors": "^1.3.0",
        "get-intrinsic": "^1.2.5",
        "object-inspect": "^1.13.3"
      },
      "engines": {
        "node": ">= 0.4"
      },
      "funding": {
        "url": "https://github.com/sponsors/ljharb"
      }
    },
    "node_modules/side-channel-weakmap": {
      "version": "1.0.2",
      "resolved": "https://boostinc-dev-595687988867.d.codeartifact.eu-west-1.amazonaws.com/npm/boostinc-dev/side-channel-weakmap/-/side-channel-weakmap-1.0.2.tgz",
      "integrity": "sha512-WPS/HvHQTYnHisLo9McqBHOJk2FkHO/tlpvldyrnem4aeQp4hai3gythswg6p01oSoTl58rcpiFAjF2br2Ak2A==",
      "license": "MIT",
      "peer": true,
      "dependencies": {
        "call-bound": "^1.0.2",
        "es-errors": "^1.3.0",
        "get-intrinsic": "^1.2.5",
        "object-inspect": "^1.13.3",
        "side-channel-map": "^1.0.1"
      },
      "engines": {
        "node": ">= 0.4"
      },
      "funding": {
        "url": "https://github.com/sponsors/ljharb"
      }
    },
    "node_modules/store2": {
      "version": "2.14.4",
      "resolved": "https://boostinc-dev-595687988867.d.codeartifact.eu-west-1.amazonaws.com/npm/boostinc-dev/store2/-/store2-2.14.4.tgz",
      "integrity": "sha512-srTItn1GOvyvOycgxjAnPA63FZNwy0PTyUBFMHRM+hVFltAeoh0LmNBz9SZqUS9mMqGk8rfyWyXn3GH5ReJ8Zw==",
      "license": "MIT",
      "peer": true
    },
    "node_modules/synchronous-promise": {
      "version": "2.0.17",
      "resolved": "https://boostinc-dev-595687988867.d.codeartifact.eu-west-1.amazonaws.com/npm/boostinc-dev/synchronous-promise/-/synchronous-promise-2.0.17.tgz",
      "integrity": "sha512-AsS729u2RHUfEra9xJrE39peJcc2stq2+poBXX8bcM08Y6g9j/i/PUzwNQqkaJde7Ntg1TO7bSREbR5sdosQ+g==",
      "license": "BSD-3-Clause",
      "peer": true
    },
    "node_modules/telejson": {
      "version": "7.2.0",
      "resolved": "https://boostinc-dev-595687988867.d.codeartifact.eu-west-1.amazonaws.com/npm/boostinc-dev/telejson/-/telejson-7.2.0.tgz",
      "integrity": "sha512-1QTEcJkJEhc8OnStBx/ILRu5J2p0GjvWsBx56bmZRqnrkdBMUe+nX92jxV+p3dB4CP6PZCdJMQJwCggkNBMzkQ==",
      "license": "MIT",
      "peer": true,
      "dependencies": {
        "memoizerific": "^1.11.3"
      }
    },
    "node_modules/tiny-invariant": {
      "version": "1.3.3",
      "resolved": "https://boostinc-dev-595687988867.d.codeartifact.eu-west-1.amazonaws.com/npm/boostinc-dev/tiny-invariant/-/tiny-invariant-1.3.3.tgz",
      "integrity": "sha512-+FbBPE1o9QAYvviau/qC5SE3caw21q3xkvWKBtja5vgqOWIHHJ3ioaq1VPfn/Szqctz2bU/oYeKd9/z5BL+PVg==",
      "license": "MIT",
      "peer": true
    },
    "node_modules/ts-dedent": {
      "version": "2.2.0",
      "resolved": "https://boostinc-dev-595687988867.d.codeartifact.eu-west-1.amazonaws.com/npm/boostinc-dev/ts-dedent/-/ts-dedent-2.2.0.tgz",
      "integrity": "sha512-q5W7tVM71e2xjHZTlgfTDoPF/SmqKG5hddq9SzR49CH2hayqRKJtQ4mtRlSxKaJlR/+9rEM+mnBHf7I2/BQcpQ==",
      "license": "MIT",
      "peer": true,
      "engines": {
        "node": ">=6.10"
      }
    },
    "node_modules/type-fest": {
      "version": "2.19.0",
      "resolved": "https://boostinc-dev-595687988867.d.codeartifact.eu-west-1.amazonaws.com/npm/boostinc-dev/type-fest/-/type-fest-2.19.0.tgz",
      "integrity": "sha512-RAH822pAdBgcNMAfWnCBU3CFZcfZ/i1eZjwFU/dsLKumyuuP3niueg2UAukXYF0E2AAoc82ZSSf9J0WQBinzHA==",
      "license": "(MIT OR CC0-1.0)",
      "peer": true,
      "engines": {
        "node": ">=12.20"
      },
      "funding": {
        "url": "https://github.com/sponsors/sindresorhus"
      }
    },
    "node_modules/undici-types": {
      "version": "7.16.0",
      "resolved": "https://boostinc-dev-595687988867.d.codeartifact.eu-west-1.amazonaws.com/npm/boostinc-dev/undici-types/-/undici-types-7.16.0.tgz",
      "integrity": "sha512-Zz+aZWSj8LE6zoxD+xrjh4VfkIG8Ya6LvYkZqtUQGJPZjYl53ypCaUwWqo7eI0x66KBGeRo+mlBEkMSeSZ38Nw==",
      "license": "MIT",
      "peer": true
    },
    "node_modules/universalify": {
      "version": "2.0.1",
      "resolved": "https://boostinc-dev-595687988867.d.codeartifact.eu-west-1.amazonaws.com/npm/boostinc-dev/universalify/-/universalify-2.0.1.tgz",
      "integrity": "sha512-gptHNQghINnc/vTGIk0SOFGFNXw7JVrlRUtConJRlvaw6DuX0wO5Jeko9sWrMBhh+PsYAZ7oXAiOnf/UKogyiw==",
      "license": "MIT",
      "peer": true,
      "engines": {
        "node": ">= 10.0.0"
      }
    },
    "node_modules/util-deprecate": {
      "version": "1.0.2",
      "resolved": "https://boostinc-dev-595687988867.d.codeartifact.eu-west-1.amazonaws.com/npm/boostinc-dev/util-deprecate/-/util-deprecate-1.0.2.tgz",
      "integrity": "sha512-EPD5q1uXyFxJpCrLnCc1nHnq3gOa6DZBocAIiI2TaSCA7VCJ1UJDMagCzIkXNsUYfD1daK//LTEQ8xiIbrHtcw==",
      "license": "MIT",
      "peer": true
    }
  }
}
